[[package]]
name = "dacite"
version = "1.6.0"
description = "Simple creation of data classes from dictionaries."
category = "main"
optional = false
python-versions = ">=3.6"

[package.extras]
dev = ["pytest (>=5)", "pytest-cov", "coveralls", "black", "mypy", "pylint"]

[metadata]
lock-version = "1.1"
python-versions = "^3.10"
content-hash = "9ea281efc82a7bd8a82838c52c250ccb9956a824344066cc4ec6b4d29b48f5b2"

[metadata.files]
dacite = [
    {file = "dacite-1.6.0-py3-none-any.whl", hash = "sha256:4331535f7aabb505c732fa4c3c094313fc0a1d5ea19907bf4726a7819a68b93f"},
    {file = "dacite-1.6.0.tar.gz", hash = "sha256:d48125ed0a0352d3de9f493bf980038088f45f3f9d7498f090b50a847daaa6df"},
]
